
Microsoft Visual Studio Solution File, Format Version 12.00
# Visual Studio Version 17
VisualStudioVersion = 17.0.31903.59
MinimumVisualStudioVersion = 10.0.40219.1
Project("{FAE04EC0-301F-11D3-BF4B-00C04F79EFBC}") = "API", "API\API.csproj", "{6DAE24BA-1BCA-4F87-A18C-8C0DFC0905AF}"
EndProject
Project("{FAE04EC0-301F-11D3-BF4B-00C04F79EFBC}") = "Application", "Application\Application.csproj", "{8B690E77-291B-4DA7-94D3-687A5F50E134}"
EndProject
Project("{FAE04EC0-301F-11D3-BF4B-00C04F79EFBC}") = "Domain", "Domain\Domain.csproj", "{1EECF310-EBA8-4A9E-98BB-73EE47ED0E4D}"
EndProject
Project("{FAE04EC0-301F-11D3-BF4B-00C04F79EFBC}") = "Persistence", "Persistence\Persistence.csproj", "{C80C1104-9655-4B70-8491-F26817B2A833}"
EndProject
Global
	GlobalSection(SolutionConfigurationPlatforms) = preSolution
		Debug|Any CPU = Debug|Any CPU
		Release|Any CPU = Release|Any CPU
	EndGlobalSection
	GlobalSection(SolutionProperties) = preSolution
		HideSolutionNode = FALSE
	EndGlobalSection
	GlobalSection(ProjectConfigurationPlatforms) = postSolution
		{6DAE24BA-1BCA-4F87-A18C-8C0DFC0905AF}.Debug|Any CPU.ActiveCfg = Debug|Any CPU
		{6DAE24BA-1BCA-4F87-A18C-8C0DFC0905AF}.Debug|Any CPU.Build.0 = Debug|Any CPU
		{6DAE24BA-1BCA-4F87-A18C-8C0DFC0905AF}.Release|Any CPU.ActiveCfg = Release|Any CPU
		{6DAE24BA-1BCA-4F87-A18C-8C0DFC0905AF}.Release|Any CPU.Build.0 = Release|Any CPU
		{8B690E77-291B-4DA7-94D3-687A5F50E134}.Debug|Any CPU.ActiveCfg = Debug|Any CPU
		{8B690E77-291B-4DA7-94D3-687A5F50E134}.Debug|Any CPU.Build.0 = Debug|Any CPU
		{8B690E77-291B-4DA7-94D3-687A5F50E134}.Release|Any CPU.ActiveCfg = Release|Any CPU
		{8B690E77-291B-4DA7-94D3-687A5F50E134}.Release|Any CPU.Build.0 = Release|Any CPU
		{1EECF310-EBA8-4A9E-98BB-73EE47ED0E4D}.Debug|Any CPU.ActiveCfg = Debug|Any CPU
		{1EECF310-EBA8-4A9E-98BB-73EE47ED0E4D}.Debug|Any CPU.Build.0 = Debug|Any CPU
		{1EECF310-EBA8-4A9E-98BB-73EE47ED0E4D}.Release|Any CPU.ActiveCfg = Release|Any CPU
		{1EECF310-EBA8-4A9E-98BB-73EE47ED0E4D}.Release|Any CPU.Build.0 = Release|Any CPU
		{C80C1104-9655-4B70-8491-F26817B2A833}.Debug|Any CPU.ActiveCfg = Debug|Any CPU
		{C80C1104-9655-4B70-8491-F26817B2A833}.Debug|Any CPU.Build.0 = Debug|Any CPU
		{C80C1104-9655-4B70-8491-F26817B2A833}.Release|Any CPU.ActiveCfg = Release|Any CPU
		{C80C1104-9655-4B70-8491-F26817B2A833}.Release|Any CPU.Build.0 = Release|Any CPU
	EndGlobalSection
EndGlobal
